// !$*UTF8*$!
{
	archiveVersion = 1;
	classes = {
	};
	objectVersion = 46;
	objects = {

/* Begin PBXAggregateTarget section */
		27F0C71E15339B34004EBA89 /* All */ = {
			isa = PBXAggregateTarget;
			buildConfigurationList = 27F0C71F15339B34004EBA89 /* Build configuration list for PBXAggregateTarget "All" */;
			buildPhases = (
			);
			dependencies = (
				27F0C72315339B3C004EBA89 /* PBXTargetDependency */,
				27F0C72515339B3E004EBA89 /* PBXTargetDependency */,
				27F0C72715339B40004EBA89 /* PBXTargetDependency */,
				27F0C72915339B42004EBA89 /* PBXTargetDependency */,
				27AA1B1B1538DE4D00D03755 /* PBXTargetDependency */,
			);
			name = All;
			productName = All;
		};
/* End PBXAggregateTarget section */

/* Begin PBXBuildFile section */
		27093EF61537441A0087804E /* iobuffer.c in Sources */ = {isa = PBXBuildFile; fileRef = 27093EF51537441A0087804E /* iobuffer.c */; };
		274F97BD152E1D1400247C46 /* bitfield.h in Headers */ = {isa = PBXBuildFile; fileRef = 274F9782152E1D1400247C46 /* bitfield.h */; };
		274F97BE152E1D1400247C46 /* btree_modify.c in Sources */ = {isa = PBXBuildFile; fileRef = 274F9783152E1D1400247C46 /* btree_modify.c */; };
		274F97BF152E1D1400247C46 /* btree_read.c in Sources */ = {isa = PBXBuildFile; fileRef = 274F9784152E1D1400247C46 /* btree_read.c */; };
		274F97C0152E1D1400247C46 /* byteswap.c in Sources */ = {isa = PBXBuildFile; fileRef = 274F9785152E1D1400247C46 /* byteswap.c */; };
		274F97C1152E1D1400247C46 /* couch_btree.h in Headers */ = {isa = PBXBuildFile; fileRef = 274F9787152E1D1400247C46 /* couch_btree.h */; };
		274F97C2152E1D1400247C46 /* couch_db.c in Sources */ = {isa = PBXBuildFile; fileRef = 274F9788152E1D1400247C46 /* couch_db.c */; };
		274F97C6152E1D1400247C46 /* couch_file_read.c in Sources */ = {isa = PBXBuildFile; fileRef = 274F978C152E1D1400247C46 /* couch_file_read.c */; };
		274F97C7152E1D1400247C46 /* couch_file_write.c in Sources */ = {isa = PBXBuildFile; fileRef = 274F978D152E1D1400247C46 /* couch_file_write.c */; };
		274F97CA152E1D1400247C46 /* crc32.c in Sources */ = {isa = PBXBuildFile; fileRef = 274F9790152E1D1400247C46 /* crc32.c */; };
		274F97CB152E1D1400247C46 /* crc32.h in Headers */ = {isa = PBXBuildFile; fileRef = 274F9791152E1D1400247C46 /* crc32.h */; };
		274F97CE152E1D1400247C46 /* fatbuf.h in Headers */ = {isa = PBXBuildFile; fileRef = 274F9794152E1D1400247C46 /* fatbuf.h */; };
		274F97CF152E1D1400247C46 /* internal.h in Headers */ = {isa = PBXBuildFile; fileRef = 274F9795152E1D1400247C46 /* internal.h */; };
		274F97D0152E1D1400247C46 /* os.c in Sources */ = {isa = PBXBuildFile; fileRef = 274F97A0152E1D1400247C46 /* os.c */; };
		274F97D1152E1D1400247C46 /* reduces.c in Sources */ = {isa = PBXBuildFile; fileRef = 274F97A1152E1D1400247C46 /* reduces.c */; };
		274F97D2152E1D1400247C46 /* reduces.h in Headers */ = {isa = PBXBuildFile; fileRef = 274F97A2152E1D1400247C46 /* reduces.h */; };
		274F97D4152E1D1400247C46 /* global.h in Headers */ = {isa = PBXBuildFile; fileRef = 274F97AA152E1D1400247C46 /* global.h */; };
		274F97D5152E1D1400247C46 /* md5.h in Headers */ = {isa = PBXBuildFile; fileRef = 274F97AC152E1D1400247C46 /* md5.h */; };
		274F97D6152E1D1400247C46 /* md5c.c in Sources */ = {isa = PBXBuildFile; fileRef = 274F97AD152E1D1400247C46 /* md5c.c */; };
		274F97D7152E1D1400247C46 /* strerror.c in Sources */ = {isa = PBXBuildFile; fileRef = 274F97AE152E1D1400247C46 /* strerror.c */; };
		274F97D9152E1D1400247C46 /* util.c in Sources */ = {isa = PBXBuildFile; fileRef = 274F97B0152E1D1400247C46 /* util.c */; };
		274F97DA152E1D1400247C46 /* util.h in Headers */ = {isa = PBXBuildFile; fileRef = 274F97B1152E1D1400247C46 /* util.h */; };
		274F97E4152E1D9200247C46 /* config.h in Headers */ = {isa = PBXBuildFile; fileRef = 274F97E3152E1D9200247C46 /* config.h */; };
		274F97E6152E1E3E00247C46 /* libsnappy.dylib in Frameworks */ = {isa = PBXBuildFile; fileRef = 274F97E5152E1E3E00247C46 /* libsnappy.dylib */; };
		274F97F7152E22FF00247C46 /* dbdump.c in Sources */ = {isa = PBXBuildFile; fileRef = 274F9792152E1D1400247C46 /* dbdump.c */; };
		274F97F8152E230500247C46 /* libcouchstore.dylib in Frameworks */ = {isa = PBXBuildFile; fileRef = 274F9758152E1CCA00247C46 /* libcouchstore.dylib */; };
		274F97F9152E234E00247C46 /* libsnappy.dylib in Frameworks */ = {isa = PBXBuildFile; fileRef = 274F97E5152E1E3E00247C46 /* libsnappy.dylib */; };
		274F97FE152E235600247C46 /* libsnappy.dylib in Frameworks */ = {isa = PBXBuildFile; fileRef = 274F97E5152E1E3E00247C46 /* libsnappy.dylib */; };
		274F97FF152E235600247C46 /* libcouchstore.dylib in Frameworks */ = {isa = PBXBuildFile; fileRef = 274F9758152E1CCA00247C46 /* libcouchstore.dylib */; };
		274F9806152E236200247C46 /* dbinfo.c in Sources */ = {isa = PBXBuildFile; fileRef = 274F9793152E1D1400247C46 /* dbinfo.c */; };
		2794AD06153395780047643C /* libsnappy.dylib in Frameworks */ = {isa = PBXBuildFile; fileRef = 274F97E5152E1E3E00247C46 /* libsnappy.dylib */; };
		2794AD07153395780047643C /* libcouchstore.dylib in Frameworks */ = {isa = PBXBuildFile; fileRef = 274F9758152E1CCA00247C46 /* libcouchstore.dylib */; };
		2794AD0E153395940047643C /* testapp.c in Sources */ = {isa = PBXBuildFile; fileRef = 2794ACFF15338E640047643C /* testapp.c */; };
		27AA1B101538DE0700D03755 /* libcouchstore.dylib in Frameworks */ = {isa = PBXBuildFile; fileRef = 274F9758152E1CCA00247C46 /* libcouchstore.dylib */; };
		27AA1B171538DE2500D03755 /* couchscript.cc in Sources */ = {isa = PBXBuildFile; fileRef = 274F978F152E1D1400247C46 /* couchscript.cc */; };
		27AA1B191538DE3900D03755 /* liblua.dylib in Frameworks */ = {isa = PBXBuildFile; fileRef = 27AA1B181538DE3900D03755 /* liblua.dylib */; };
		27AA1B1D1538EC4300D03755 /* arena.c in Sources */ = {isa = PBXBuildFile; fileRef = 27AA1B1C1538EC4300D03755 /* arena.c */; };
		27D37EC71547292B00D3F0C8 /* libcouchstore.dylib in Frameworks */ = {isa = PBXBuildFile; fileRef = 274F9758152E1CCA00247C46 /* libcouchstore.dylib */; };
		27D37ED3154729F400D3F0C8 /* db_compact.c in Sources */ = {isa = PBXBuildFile; fileRef = 27D37ECF154729F400D3F0C8 /* db_compact.c */; };
		27D37ED4154729F400D3F0C8 /* llmsort.c in Sources */ = {isa = PBXBuildFile; fileRef = 27D37ED0154729F400D3F0C8 /* llmsort.c */; };
		27D37ED6154729F400D3F0C8 /* mergesort.c in Sources */ = {isa = PBXBuildFile; fileRef = 27D37ED2154729F400D3F0C8 /* mergesort.c */; };
		27D37ED815472A3300D3F0C8 /* compactor.c in Sources */ = {isa = PBXBuildFile; fileRef = 27D37ED715472A3300D3F0C8 /* compactor.c */; };
		27E65A001544F2F0000A7658 /* couch_save.c in Sources */ = {isa = PBXBuildFile; fileRef = 27E659FF1544F2F0000A7658 /* couch_save.c */; };
/* End PBXBuildFile section */

/* Begin PBXContainerItemProxy section */
		27AA1B1A1538DE4D00D03755 /* PBXContainerItemProxy */ = {
			isa = PBXContainerItemProxy;
			containerPortal = 274F974F152E1CCA00247C46 /* Project object */;
			proxyType = 1;
			remoteGlobalIDString = 27AA1B0B1538DE0700D03755;
			remoteInfo = couchscript;
		};
		27F0C72215339B3C004EBA89 /* PBXContainerItemProxy */ = {
			isa = PBXContainerItemProxy;
			containerPortal = 274F974F152E1CCA00247C46 /* Project object */;
			proxyType = 1;
			remoteGlobalIDString = 274F9757152E1CCA00247C46;
			remoteInfo = couchstore;
		};
		27F0C72415339B3E004EBA89 /* PBXContainerItemProxy */ = {
			isa = PBXContainerItemProxy;
			containerPortal = 274F974F152E1CCA00247C46 /* Project object */;
			proxyType = 1;
			remoteGlobalIDString = 274F97EC152E22E500247C46;
			remoteInfo = dbdump;
		};
		27F0C72615339B40004EBA89 /* PBXContainerItemProxy */ = {
			isa = PBXContainerItemProxy;
			containerPortal = 274F974F152E1CCA00247C46 /* Project object */;
			proxyType = 1;
			remoteGlobalIDString = 274F97FA152E235600247C46;
			remoteInfo = dbinfo;
		};
		27F0C72815339B42004EBA89 /* PBXContainerItemProxy */ = {
			isa = PBXContainerItemProxy;
			containerPortal = 274F974F152E1CCA00247C46 /* Project object */;
			proxyType = 1;
			remoteGlobalIDString = 2794AD02153395780047643C;
			remoteInfo = testapp;
		};
/* End PBXContainerItemProxy section */

/* Begin PBXCopyFilesBuildPhase section */
		274F97EB152E22E500247C46 /* CopyFiles */ = {
			isa = PBXCopyFilesBuildPhase;
			buildActionMask = 2147483647;
			dstPath = /usr/share/man/man1/;
			dstSubfolderSpec = 0;
			files = (
			);
			runOnlyForDeploymentPostprocessing = 1;
		};
		274F9800152E235600247C46 /* CopyFiles */ = {
			isa = PBXCopyFilesBuildPhase;
			buildActionMask = 2147483647;
			dstPath = /usr/share/man/man1/;
			dstSubfolderSpec = 0;
			files = (
			);
			runOnlyForDeploymentPostprocessing = 1;
		};
		2794AD08153395780047643C /* CopyFiles */ = {
			isa = PBXCopyFilesBuildPhase;
			buildActionMask = 2147483647;
			dstPath = /usr/share/man/man1/;
			dstSubfolderSpec = 0;
			files = (
			);
			runOnlyForDeploymentPostprocessing = 1;
		};
		27AA1B111538DE0700D03755 /* CopyFiles */ = {
			isa = PBXCopyFilesBuildPhase;
			buildActionMask = 2147483647;
			dstPath = /usr/share/man/man1/;
			dstSubfolderSpec = 0;
			files = (
			);
			runOnlyForDeploymentPostprocessing = 1;
		};
		27D37EC81547292B00D3F0C8 /* CopyFiles */ = {
			isa = PBXCopyFilesBuildPhase;
			buildActionMask = 2147483647;
			dstPath = /usr/share/man/man1/;
			dstSubfolderSpec = 0;
			files = (
			);
			runOnlyForDeploymentPostprocessing = 1;
		};
/* End PBXCopyFilesBuildPhase section */

/* Begin PBXFileReference section */
		27093EF51537441A0087804E /* iobuffer.c */ = {isa = PBXFileReference; fileEncoding = 4; lastKnownFileType = sourcecode.c.c; path = iobuffer.c; sourceTree = "<group>"; };
		27093EF81537442E0087804E /* iobuffer.h */ = {isa = PBXFileReference; lastKnownFileType = sourcecode.c.h; path = iobuffer.h; sourceTree = "<group>"; };
		274F9758152E1CCA00247C46 /* libcouchstore.dylib */ = {isa = PBXFileReference; explicitFileType = "compiled.mach-o.dylib"; includeInIndex = 0; path = libcouchstore.dylib; sourceTree = BUILT_PRODUCTS_DIR; };
		274F9782152E1D1400247C46 /* bitfield.h */ = {isa = PBXFileReference; fileEncoding = 4; lastKnownFileType = sourcecode.c.h; path = bitfield.h; sourceTree = "<group>"; };
		274F9783152E1D1400247C46 /* btree_modify.c */ = {isa = PBXFileReference; fileEncoding = 4; lastKnownFileType = sourcecode.c.c; path = btree_modify.c; sourceTree = "<group>"; };
		274F9784152E1D1400247C46 /* btree_read.c */ = {isa = PBXFileReference; fileEncoding = 4; lastKnownFileType = sourcecode.c.c; path = btree_read.c; sourceTree = "<group>"; };
		274F9785152E1D1400247C46 /* byteswap.c */ = {isa = PBXFileReference; fileEncoding = 4; lastKnownFileType = sourcecode.c.c; path = byteswap.c; sourceTree = "<group>"; };
		274F9787152E1D1400247C46 /* couch_btree.h */ = {isa = PBXFileReference; fileEncoding = 4; lastKnownFileType = sourcecode.c.h; path = couch_btree.h; sourceTree = "<group>"; };
		274F9788152E1D1400247C46 /* couch_db.c */ = {isa = PBXFileReference; fileEncoding = 4; lastKnownFileType = sourcecode.c.c; path = couch_db.c; sourceTree = "<group>"; };
		274F978C152E1D1400247C46 /* couch_file_read.c */ = {isa = PBXFileReference; fileEncoding = 4; lastKnownFileType = sourcecode.c.c; path = couch_file_read.c; sourceTree = "<group>"; };
		274F978D152E1D1400247C46 /* couch_file_write.c */ = {isa = PBXFileReference; fileEncoding = 4; lastKnownFileType = sourcecode.c.c; path = couch_file_write.c; sourceTree = "<group>"; };
		274F978F152E1D1400247C46 /* couchscript.cc */ = {isa = PBXFileReference; fileEncoding = 4; lastKnownFileType = sourcecode.cpp.cpp; path = couchscript.cc; sourceTree = "<group>"; };
		274F9790152E1D1400247C46 /* crc32.c */ = {isa = PBXFileReference; fileEncoding = 4; lastKnownFileType = sourcecode.c.c; path = crc32.c; sourceTree = "<group>"; };
		274F9791152E1D1400247C46 /* crc32.h */ = {isa = PBXFileReference; fileEncoding = 4; lastKnownFileType = sourcecode.c.h; path = crc32.h; sourceTree = "<group>"; };
		274F9792152E1D1400247C46 /* dbdump.c */ = {isa = PBXFileReference; fileEncoding = 4; lastKnownFileType = sourcecode.c.c; path = dbdump.c; sourceTree = "<group>"; };
		274F9793152E1D1400247C46 /* dbinfo.c */ = {isa = PBXFileReference; fileEncoding = 4; lastKnownFileType = sourcecode.c.c; path = dbinfo.c; sourceTree = "<group>"; };
		274F9794152E1D1400247C46 /* fatbuf.h */ = {isa = PBXFileReference; fileEncoding = 4; lastKnownFileType = sourcecode.c.h; path = fatbuf.h; sourceTree = "<group>"; };
		274F9795152E1D1400247C46 /* internal.h */ = {isa = PBXFileReference; fileEncoding = 4; lastKnownFileType = sourcecode.c.h; path = internal.h; sourceTree = "<group>"; };
		274F97A0152E1D1400247C46 /* os.c */ = {isa = PBXFileReference; fileEncoding = 4; lastKnownFileType = sourcecode.c.c; path = os.c; sourceTree = "<group>"; };
		274F97A1152E1D1400247C46 /* reduces.c */ = {isa = PBXFileReference; fileEncoding = 4; lastKnownFileType = sourcecode.c.c; path = reduces.c; sourceTree = "<group>"; };
		274F97A2152E1D1400247C46 /* reduces.h */ = {isa = PBXFileReference; fileEncoding = 4; lastKnownFileType = sourcecode.c.h; path = reduces.h; sourceTree = "<group>"; };
		274F97AA152E1D1400247C46 /* global.h */ = {isa = PBXFileReference; fileEncoding = 4; lastKnownFileType = sourcecode.c.h; path = global.h; sourceTree = "<group>"; };
		274F97AC152E1D1400247C46 /* md5.h */ = {isa = PBXFileReference; fileEncoding = 4; lastKnownFileType = sourcecode.c.h; path = md5.h; sourceTree = "<group>"; };
		274F97AD152E1D1400247C46 /* md5c.c */ = {isa = PBXFileReference; fileEncoding = 4; lastKnownFileType = sourcecode.c.c; path = md5c.c; sourceTree = "<group>"; };
		274F97AE152E1D1400247C46 /* strerror.c */ = {isa = PBXFileReference; fileEncoding = 4; lastKnownFileType = sourcecode.c.c; path = strerror.c; sourceTree = "<group>"; };
		274F97B0152E1D1400247C46 /* util.c */ = {isa = PBXFileReference; fileEncoding = 4; lastKnownFileType = sourcecode.c.c; path = util.c; sourceTree = "<group>"; };
		274F97B1152E1D1400247C46 /* util.h */ = {isa = PBXFileReference; fileEncoding = 4; lastKnownFileType = sourcecode.c.h; path = util.h; sourceTree = "<group>"; };
		274F97DE152E1D5100247C46 /* couch_common.h */ = {isa = PBXFileReference; lastKnownFileType = sourcecode.c.h; path = couch_common.h; sourceTree = "<group>"; };
		274F97DF152E1D5100247C46 /* couch_db.h */ = {isa = PBXFileReference; lastKnownFileType = sourcecode.c.h; path = couch_db.h; sourceTree = "<group>"; };
		274F97E0152E1D5100247C46 /* error.h */ = {isa = PBXFileReference; lastKnownFileType = sourcecode.c.h; path = error.h; sourceTree = "<group>"; };
		274F97E1152E1D5100247C46 /* file_ops.h */ = {isa = PBXFileReference; lastKnownFileType = sourcecode.c.h; path = file_ops.h; sourceTree = "<group>"; };
		274F97E2152E1D5100247C46 /* visibility.h */ = {isa = PBXFileReference; lastKnownFileType = sourcecode.c.h; path = visibility.h; sourceTree = "<group>"; };
		274F97E3152E1D9200247C46 /* config.h */ = {isa = PBXFileReference; fileEncoding = 4; lastKnownFileType = sourcecode.c.h; path = config.h; sourceTree = SOURCE_ROOT; };
		274F97E5152E1E3E00247C46 /* libsnappy.dylib */ = {isa = PBXFileReference; lastKnownFileType = "compiled.mach-o.dylib"; name = libsnappy.dylib; path = usr/local/lib/libsnappy.dylib; sourceTree = SDKROOT; };
		274F97ED152E22E500247C46 /* dbdump */ = {isa = PBXFileReference; explicitFileType = "compiled.mach-o.executable"; includeInIndex = 0; path = dbdump; sourceTree = BUILT_PRODUCTS_DIR; };
		274F9804152E235600247C46 /* dbinfo */ = {isa = PBXFileReference; explicitFileType = "compiled.mach-o.executable"; includeInIndex = 0; path = dbinfo; sourceTree = BUILT_PRODUCTS_DIR; };
		2794ACFF15338E640047643C /* testapp.c */ = {isa = PBXFileReference; lastKnownFileType = sourcecode.c.c; name = testapp.c; path = tests/testapp.c; sourceTree = SOURCE_ROOT; };
		2794AD011533901D0047643C /* config_static.h */ = {isa = PBXFileReference; lastKnownFileType = sourcecode.c.h; path = config_static.h; sourceTree = SOURCE_ROOT; };
		2794AD0C153395780047643C /* testapp */ = {isa = PBXFileReference; explicitFileType = "compiled.mach-o.executable"; includeInIndex = 0; path = testapp; sourceTree = BUILT_PRODUCTS_DIR; };
		27AA1B151538DE0700D03755 /* couchscript */ = {isa = PBXFileReference; explicitFileType = "compiled.mach-o.executable"; includeInIndex = 0; path = couchscript; sourceTree = BUILT_PRODUCTS_DIR; };
		27AA1B181538DE3900D03755 /* liblua.dylib */ = {isa = PBXFileReference; lastKnownFileType = "compiled.mach-o.dylib"; name = liblua.dylib; path = usr/local/lib/liblua.dylib; sourceTree = SDKROOT; };
		27AA1B1C1538EC4300D03755 /* arena.c */ = {isa = PBXFileReference; fileEncoding = 4; lastKnownFileType = sourcecode.c.c; path = arena.c; sourceTree = "<group>"; };
		27AA1B1E1538EC5600D03755 /* arena.h */ = {isa = PBXFileReference; lastKnownFileType = sourcecode.c.h; path = arena.h; sourceTree = "<group>"; };
		27D37ECC1547292B00D3F0C8 /* couch_compact */ = {isa = PBXFileReference; explicitFileType = "compiled.mach-o.executable"; includeInIndex = 0; path = couch_compact; sourceTree = BUILT_PRODUCTS_DIR; };
		27D37ECF154729F400D3F0C8 /* db_compact.c */ = {isa = PBXFileReference; fileEncoding = 4; lastKnownFileType = sourcecode.c.c; path = db_compact.c; sourceTree = "<group>"; };
		27D37ED0154729F400D3F0C8 /* llmsort.c */ = {isa = PBXFileReference; fileEncoding = 4; lastKnownFileType = sourcecode.c.c; path = llmsort.c; sourceTree = "<group>"; };
		27D37ED2154729F400D3F0C8 /* mergesort.c */ = {isa = PBXFileReference; fileEncoding = 4; lastKnownFileType = sourcecode.c.c; path = mergesort.c; sourceTree = "<group>"; };
		27D37ED715472A3300D3F0C8 /* compactor.c */ = {isa = PBXFileReference; fileEncoding = 4; lastKnownFileType = sourcecode.c.c; path = compactor.c; sourceTree = "<group>"; };
		27E659FF1544F2F0000A7658 /* couch_save.c */ = {isa = PBXFileReference; fileEncoding = 4; lastKnownFileType = sourcecode.c.c; path = couch_save.c; sourceTree = "<group>"; };
		D960D28F1547399900DDDF1E /* mergesort.h */ = {isa = PBXFileReference; lastKnownFileType = sourcecode.c.h; path = mergesort.h; sourceTree = "<group>"; };
/* End PBXFileReference section */

/* Begin PBXFrameworksBuildPhase section */
		274F9755152E1CCA00247C46 /* Frameworks */ = {
			isa = PBXFrameworksBuildPhase;
			buildActionMask = 2147483647;
			files = (
				274F97E6152E1E3E00247C46 /* libsnappy.dylib in Frameworks */,
			);
			runOnlyForDeploymentPostprocessing = 0;
		};
		274F97EA152E22E500247C46 /* Frameworks */ = {
			isa = PBXFrameworksBuildPhase;
			buildActionMask = 2147483647;
			files = (
				274F97F9152E234E00247C46 /* libsnappy.dylib in Frameworks */,
				274F97F8152E230500247C46 /* libcouchstore.dylib in Frameworks */,
			);
			runOnlyForDeploymentPostprocessing = 0;
		};
		274F97FD152E235600247C46 /* Frameworks */ = {
			isa = PBXFrameworksBuildPhase;
			buildActionMask = 2147483647;
			files = (
				274F97FE152E235600247C46 /* libsnappy.dylib in Frameworks */,
				274F97FF152E235600247C46 /* libcouchstore.dylib in Frameworks */,
			);
			runOnlyForDeploymentPostprocessing = 0;
		};
		2794AD05153395780047643C /* Frameworks */ = {
			isa = PBXFrameworksBuildPhase;
			buildActionMask = 2147483647;
			files = (
				2794AD06153395780047643C /* libsnappy.dylib in Frameworks */,
				2794AD07153395780047643C /* libcouchstore.dylib in Frameworks */,
			);
			runOnlyForDeploymentPostprocessing = 0;
		};
		27AA1B0E1538DE0700D03755 /* Frameworks */ = {
			isa = PBXFrameworksBuildPhase;
			buildActionMask = 2147483647;
			files = (
				27AA1B191538DE3900D03755 /* liblua.dylib in Frameworks */,
				27AA1B101538DE0700D03755 /* libcouchstore.dylib in Frameworks */,
			);
			runOnlyForDeploymentPostprocessing = 0;
		};
		27D37EC51547292B00D3F0C8 /* Frameworks */ = {
			isa = PBXFrameworksBuildPhase;
			buildActionMask = 2147483647;
			files = (
				27D37EC71547292B00D3F0C8 /* libcouchstore.dylib in Frameworks */,
			);
			runOnlyForDeploymentPostprocessing = 0;
		};
/* End PBXFrameworksBuildPhase section */

/* Begin PBXGroup section */
		274F974D152E1CCA00247C46 = {
			isa = PBXGroup;
			children = (
				274F97DC152E1D5100247C46 /* include */,
				274F9762152E1D1400247C46 /* src */,
				274F97E7152E211C00247C46 /* tools */,
				274F97E8152E212B00247C46 /* Frameworks */,
				274F9759152E1CCA00247C46 /* Products */,
			);
			sourceTree = "<group>";
		};
		274F9759152E1CCA00247C46 /* Products */ = {
			isa = PBXGroup;
			children = (
				274F9758152E1CCA00247C46 /* libcouchstore.dylib */,
				274F97ED152E22E500247C46 /* dbdump */,
				274F9804152E235600247C46 /* dbinfo */,
				2794AD0C153395780047643C /* testapp */,
				27AA1B151538DE0700D03755 /* couchscript */,
				27D37ECC1547292B00D3F0C8 /* couch_compact */,
			);
			name = Products;
			sourceTree = "<group>";
		};
		274F9762152E1D1400247C46 /* src */ = {
			isa = PBXGroup;
			children = (
				274F9782152E1D1400247C46 /* bitfield.h */,
				274F9783152E1D1400247C46 /* btree_modify.c */,
				274F9784152E1D1400247C46 /* btree_read.c */,
				274F9785152E1D1400247C46 /* byteswap.c */,
				2794AD011533901D0047643C /* config_static.h */,
				274F9787152E1D1400247C46 /* couch_btree.h */,
				274F9788152E1D1400247C46 /* couch_db.c */,
				27E659FF1544F2F0000A7658 /* couch_save.c */,
				274F978C152E1D1400247C46 /* couch_file_read.c */,
				274F978D152E1D1400247C46 /* couch_file_write.c */,
				274F9790152E1D1400247C46 /* crc32.c */,
				274F9791152E1D1400247C46 /* crc32.h */,
				27D37ECF154729F400D3F0C8 /* db_compact.c */,
				274F9794152E1D1400247C46 /* fatbuf.h */,
				274F9795152E1D1400247C46 /* internal.h */,
				27093EF51537441A0087804E /* iobuffer.c */,
				27093EF81537442E0087804E /* iobuffer.h */,
				27D37ED0154729F400D3F0C8 /* llmsort.c */,
				27D37ED2154729F400D3F0C8 /* mergesort.c */,
				D960D28F1547399900DDDF1E /* mergesort.h */,
				274F97A0152E1D1400247C46 /* os.c */,
				274F97A1152E1D1400247C46 /* reduces.c */,
				274F97A2152E1D1400247C46 /* reduces.h */,
				274F97A3152E1D1400247C46 /* rfc1321 */,
				274F97AE152E1D1400247C46 /* strerror.c */,
				274F97B0152E1D1400247C46 /* util.c */,
				274F97B1152E1D1400247C46 /* util.h */,
				27AA1B1C1538EC4300D03755 /* arena.c */,
				27AA1B1E1538EC5600D03755 /* arena.h */,
			);
			path = src;
			sourceTree = "<group>";
		};
		274F97A3152E1D1400247C46 /* rfc1321 */ = {
			isa = PBXGroup;
			children = (
				274F97AA152E1D1400247C46 /* global.h */,
				274F97AC152E1D1400247C46 /* md5.h */,
				274F97AD152E1D1400247C46 /* md5c.c */,
			);
			path = rfc1321;
			sourceTree = "<group>";
		};
		274F97DC152E1D5100247C46 /* include */ = {
			isa = PBXGroup;
			children = (
				274F97E3152E1D9200247C46 /* config.h */,
				274F97DD152E1D5100247C46 /* libcouchstore */,
			);
			path = include;
			sourceTree = "<group>";
		};
		274F97DD152E1D5100247C46 /* libcouchstore */ = {
			isa = PBXGroup;
			children = (
				274F97DE152E1D5100247C46 /* couch_common.h */,
				274F97DF152E1D5100247C46 /* couch_db.h */,
				274F97E0152E1D5100247C46 /* error.h */,
				274F97E1152E1D5100247C46 /* file_ops.h */,
				274F97E2152E1D5100247C46 /* visibility.h */,
			);
			path = libcouchstore;
			sourceTree = "<group>";
		};
		274F97E7152E211C00247C46 /* tools */ = {
			isa = PBXGroup;
			children = (
				27D37ED715472A3300D3F0C8 /* compactor.c */,
				274F9792152E1D1400247C46 /* dbdump.c */,
				274F9793152E1D1400247C46 /* dbinfo.c */,
				2794ACFF15338E640047643C /* testapp.c */,
				274F978F152E1D1400247C46 /* couchscript.cc */,
			);
			name = tools;
			path = src;
			sourceTree = "<group>";
		};
		274F97E8152E212B00247C46 /* Frameworks */ = {
			isa = PBXGroup;
			children = (
				274F97E5152E1E3E00247C46 /* libsnappy.dylib */,
				27AA1B181538DE3900D03755 /* liblua.dylib */,
			);
			name = Frameworks;
			sourceTree = "<group>";
		};
/* End PBXGroup section */

/* Begin PBXHeadersBuildPhase section */
		274F9756152E1CCA00247C46 /* Headers */ = {
			isa = PBXHeadersBuildPhase;
			buildActionMask = 2147483647;
			files = (
				274F97BD152E1D1400247C46 /* bitfield.h in Headers */,
				274F97C1152E1D1400247C46 /* couch_btree.h in Headers */,
				274F97CB152E1D1400247C46 /* crc32.h in Headers */,
				274F97CE152E1D1400247C46 /* fatbuf.h in Headers */,
				274F97CF152E1D1400247C46 /* internal.h in Headers */,
				274F97D2152E1D1400247C46 /* reduces.h in Headers */,
				274F97D4152E1D1400247C46 /* global.h in Headers */,
				274F97D5152E1D1400247C46 /* md5.h in Headers */,
				274F97DA152E1D1400247C46 /* util.h in Headers */,
				274F97E4152E1D9200247C46 /* config.h in Headers */,
			);
			runOnlyForDeploymentPostprocessing = 0;
		};
/* End PBXHeadersBuildPhase section */

/* Begin PBXNativeTarget section */
		274F9757152E1CCA00247C46 /* couchstore */ = {
			isa = PBXNativeTarget;
			buildConfigurationList = 274F975C152E1CCA00247C46 /* Build configuration list for PBXNativeTarget "couchstore" */;
			buildPhases = (
				274F9754152E1CCA00247C46 /* Sources */,
				274F9755152E1CCA00247C46 /* Frameworks */,
				274F9756152E1CCA00247C46 /* Headers */,
			);
			buildRules = (
			);
			dependencies = (
			);
			name = couchstore;
			productName = couchstore;
			productReference = 274F9758152E1CCA00247C46 /* libcouchstore.dylib */;
			productType = "com.apple.product-type.library.dynamic";
		};
		274F97EC152E22E500247C46 /* dbdump */ = {
			isa = PBXNativeTarget;
			buildConfigurationList = 274F97F4152E22E500247C46 /* Build configuration list for PBXNativeTarget "dbdump" */;
			buildPhases = (
				274F97E9152E22E500247C46 /* Sources */,
				274F97EA152E22E500247C46 /* Frameworks */,
				274F97EB152E22E500247C46 /* CopyFiles */,
			);
			buildRules = (
			);
			dependencies = (
			);
			name = dbdump;
			productName = dbdump;
			productReference = 274F97ED152E22E500247C46 /* dbdump */;
			productType = "com.apple.product-type.tool";
		};
		274F97FA152E235600247C46 /* dbinfo */ = {
			isa = PBXNativeTarget;
			buildConfigurationList = 274F9801152E235600247C46 /* Build configuration list for PBXNativeTarget "dbinfo" */;
			buildPhases = (
				274F97FB152E235600247C46 /* Sources */,
				274F97FD152E235600247C46 /* Frameworks */,
				274F9800152E235600247C46 /* CopyFiles */,
			);
			buildRules = (
			);
			dependencies = (
			);
			name = dbinfo;
			productName = dbdump;
			productReference = 274F9804152E235600247C46 /* dbinfo */;
			productType = "com.apple.product-type.tool";
		};
		2794AD02153395780047643C /* testapp */ = {
			isa = PBXNativeTarget;
			buildConfigurationList = 2794AD09153395780047643C /* Build configuration list for PBXNativeTarget "testapp" */;
			buildPhases = (
				2794AD03153395780047643C /* Sources */,
				2794AD05153395780047643C /* Frameworks */,
				2794AD08153395780047643C /* CopyFiles */,
			);
			buildRules = (
			);
			dependencies = (
			);
			name = testapp;
			productName = dbdump;
			productReference = 2794AD0C153395780047643C /* testapp */;
			productType = "com.apple.product-type.tool";
		};
		27AA1B0B1538DE0700D03755 /* couchscript */ = {
			isa = PBXNativeTarget;
			buildConfigurationList = 27AA1B121538DE0700D03755 /* Build configuration list for PBXNativeTarget "couchscript" */;
			buildPhases = (
				27AA1B0C1538DE0700D03755 /* Sources */,
				27AA1B0E1538DE0700D03755 /* Frameworks */,
				27AA1B111538DE0700D03755 /* CopyFiles */,
			);
			buildRules = (
			);
			dependencies = (
			);
			name = couchscript;
			productName = dbdump;
			productReference = 27AA1B151538DE0700D03755 /* couchscript */;
			productType = "com.apple.product-type.tool";
		};
		27D37EC21547292B00D3F0C8 /* couch_compact */ = {
			isa = PBXNativeTarget;
			buildConfigurationList = 27D37EC91547292B00D3F0C8 /* Build configuration list for PBXNativeTarget "couch_compact" */;
			buildPhases = (
				27D37EC31547292B00D3F0C8 /* Sources */,
				27D37EC51547292B00D3F0C8 /* Frameworks */,
				27D37EC81547292B00D3F0C8 /* CopyFiles */,
			);
			buildRules = (
			);
			dependencies = (
			);
			name = couch_compact;
			productName = dbdump;
			productReference = 27D37ECC1547292B00D3F0C8 /* couch_compact */;
			productType = "com.apple.product-type.tool";
		};
/* End PBXNativeTarget section */

/* Begin PBXProject section */
		274F974F152E1CCA00247C46 /* Project object */ = {
			isa = PBXProject;
			attributes = {
				LastUpgradeCheck = 0430;
				ORGANIZATIONNAME = "Couchbase, Inc.";
			};
			buildConfigurationList = 274F9752152E1CCA00247C46 /* Build configuration list for PBXProject "couchstore" */;
			compatibilityVersion = "Xcode 3.2";
			developmentRegion = English;
			hasScannedForEncodings = 0;
			knownRegions = (
				en,
			);
			mainGroup = 274F974D152E1CCA00247C46;
			productRefGroup = 274F9759152E1CCA00247C46 /* Products */;
			projectDirPath = "";
			projectRoot = "";
			targets = (
				274F9757152E1CCA00247C46 /* couchstore */,
				27D37EC21547292B00D3F0C8 /* couch_compact */,
				274F97EC152E22E500247C46 /* dbdump */,
				274F97FA152E235600247C46 /* dbinfo */,
				2794AD02153395780047643C /* testapp */,
				27AA1B0B1538DE0700D03755 /* couchscript */,
				27F0C71E15339B34004EBA89 /* All */,
			);
		};
/* End PBXProject section */

/* Begin PBXSourcesBuildPhase section */
		274F9754152E1CCA00247C46 /* Sources */ = {
			isa = PBXSourcesBuildPhase;
			buildActionMask = 2147483647;
			files = (
				274F97BE152E1D1400247C46 /* btree_modify.c in Sources */,
				274F97BF152E1D1400247C46 /* btree_read.c in Sources */,
				274F97C0152E1D1400247C46 /* byteswap.c in Sources */,
				274F97C2152E1D1400247C46 /* couch_db.c in Sources */,
				274F97C6152E1D1400247C46 /* couch_file_read.c in Sources */,
				274F97C7152E1D1400247C46 /* couch_file_write.c in Sources */,
				274F97CA152E1D1400247C46 /* crc32.c in Sources */,
				274F97D0152E1D1400247C46 /* os.c in Sources */,
				274F97D1152E1D1400247C46 /* reduces.c in Sources */,
				274F97D6152E1D1400247C46 /* md5c.c in Sources */,
				274F97D7152E1D1400247C46 /* strerror.c in Sources */,
				274F97D9152E1D1400247C46 /* util.c in Sources */,
				27093EF61537441A0087804E /* iobuffer.c in Sources */,
				27AA1B1D1538EC4300D03755 /* arena.c in Sources */,
				27E65A001544F2F0000A7658 /* couch_save.c in Sources */,
				27D37ED3154729F400D3F0C8 /* db_compact.c in Sources */,
				27D37ED4154729F400D3F0C8 /* llmsort.c in Sources */,
				27D37ED6154729F400D3F0C8 /* mergesort.c in Sources */,
			);
			runOnlyForDeploymentPostprocessing = 0;
		};
		274F97E9152E22E500247C46 /* Sources */ = {
			isa = PBXSourcesBuildPhase;
			buildActionMask = 2147483647;
			files = (
				274F97F7152E22FF00247C46 /* dbdump.c in Sources */,
			);
			runOnlyForDeploymentPostprocessing = 0;
		};
		274F97FB152E235600247C46 /* Sources */ = {
			isa = PBXSourcesBuildPhase;
			buildActionMask = 2147483647;
			files = (
				274F9806152E236200247C46 /* dbinfo.c in Sources */,
			);
			runOnlyForDeploymentPostprocessing = 0;
		};
		2794AD03153395780047643C /* Sources */ = {
			isa = PBXSourcesBuildPhase;
			buildActionMask = 2147483647;
			files = (
				2794AD0E153395940047643C /* testapp.c in Sources */,
			);
			runOnlyForDeploymentPostprocessing = 0;
		};
		27AA1B0C1538DE0700D03755 /* Sources */ = {
			isa = PBXSourcesBuildPhase;
			buildActionMask = 2147483647;
			files = (
				27AA1B171538DE2500D03755 /* couchscript.cc in Sources */,
			);
			runOnlyForDeploymentPostprocessing = 0;
		};
		27D37EC31547292B00D3F0C8 /* Sources */ = {
			isa = PBXSourcesBuildPhase;
			buildActionMask = 2147483647;
			files = (
				27D37ED815472A3300D3F0C8 /* compactor.c in Sources */,
			);
			runOnlyForDeploymentPostprocessing = 0;
		};
/* End PBXSourcesBuildPhase section */

/* Begin PBXTargetDependency section */
		27AA1B1B1538DE4D00D03755 /* PBXTargetDependency */ = {
			isa = PBXTargetDependency;
			target = 27AA1B0B1538DE0700D03755 /* couchscript */;
			targetProxy = 27AA1B1A1538DE4D00D03755 /* PBXContainerItemProxy */;
		};
		27F0C72315339B3C004EBA89 /* PBXTargetDependency */ = {
			isa = PBXTargetDependency;
			target = 274F9757152E1CCA00247C46 /* couchstore */;
			targetProxy = 27F0C72215339B3C004EBA89 /* PBXContainerItemProxy */;
		};
		27F0C72515339B3E004EBA89 /* PBXTargetDependency */ = {
			isa = PBXTargetDependency;
			target = 274F97EC152E22E500247C46 /* dbdump */;
			targetProxy = 27F0C72415339B3E004EBA89 /* PBXContainerItemProxy */;
		};
		27F0C72715339B40004EBA89 /* PBXTargetDependency */ = {
			isa = PBXTargetDependency;
			target = 274F97FA152E235600247C46 /* dbinfo */;
			targetProxy = 27F0C72615339B40004EBA89 /* PBXContainerItemProxy */;
		};
		27F0C72915339B42004EBA89 /* PBXTargetDependency */ = {
			isa = PBXTargetDependency;
			target = 2794AD02153395780047643C /* testapp */;
			targetProxy = 27F0C72815339B42004EBA89 /* PBXContainerItemProxy */;
		};
/* End PBXTargetDependency section */

/* Begin XCBuildConfiguration section */
		274F975A152E1CCA00247C46 /* Debug */ = {
			isa = XCBuildConfiguration;
			buildSettings = {
				ALWAYS_SEARCH_USER_PATHS = NO;
				ARCHS = "$(ARCHS_STANDARD_32_64_BIT)";
				CLANG_CXX_LANGUAGE_STANDARD = "compiler-default";
				CLANG_WARN_SUSPICIOUS_IMPLICIT_CONVERSION = YES;
				COPY_PHASE_STRIP = NO;
				GCC_C_LANGUAGE_STANDARD = c99;
				GCC_DYNAMIC_NO_PIC = NO;
				GCC_ENABLE_OBJC_EXCEPTIONS = YES;
				GCC_OPTIMIZATION_LEVEL = 0;
				GCC_PREPROCESSOR_DEFINITIONS = (
					"DEBUG=1",
					"$(inherited)",
				);
				GCC_SYMBOLS_PRIVATE_EXTERN = NO;
				GCC_TREAT_WARNINGS_AS_ERRORS = YES;
				GCC_VERSION = com.apple.compilers.llvm.clang.1_0;
				GCC_WARN_64_TO_32_BIT_CONVERSION = YES;
				GCC_WARN_ABOUT_MISSING_NEWLINE = YES;
				GCC_WARN_ABOUT_MISSING_PROTOTYPES = YES;
				GCC_WARN_ABOUT_RETURN_TYPE = YES;
				GCC_WARN_PEDANTIC = YES;
				GCC_WARN_SHADOW = YES;
				GCC_WARN_SIGN_COMPARE = YES;
				GCC_WARN_UNINITIALIZED_AUTOS = YES;
				GCC_WARN_UNUSED_VARIABLE = YES;
				HEADER_SEARCH_PATHS = include;
				MACOSX_DEPLOYMENT_TARGET = 10.7;
				ONLY_ACTIVE_ARCH = YES;
				SDKROOT = macosx;
				WARNING_CFLAGS = "-Wall";
			};
			name = Debug;
		};
		274F975B152E1CCA00247C46 /* Release */ = {
			isa = XCBuildConfiguration;
			buildSettings = {
				ALWAYS_SEARCH_USER_PATHS = NO;
				ARCHS = "$(ARCHS_STANDARD_32_64_BIT)";
				CLANG_CXX_LANGUAGE_STANDARD = "compiler-default";
				CLANG_WARN_SUSPICIOUS_IMPLICIT_CONVERSION = YES;
				COPY_PHASE_STRIP = YES;
				DEBUG_INFORMATION_FORMAT = "dwarf-with-dsym";
				GCC_C_LANGUAGE_STANDARD = c99;
				GCC_ENABLE_OBJC_EXCEPTIONS = YES;
				GCC_TREAT_WARNINGS_AS_ERRORS = YES;
				GCC_VERSION = com.apple.compilers.llvm.clang.1_0;
				GCC_WARN_64_TO_32_BIT_CONVERSION = YES;
				GCC_WARN_ABOUT_MISSING_NEWLINE = YES;
				GCC_WARN_ABOUT_MISSING_PROTOTYPES = YES;
				GCC_WARN_ABOUT_RETURN_TYPE = YES;
				GCC_WARN_PEDANTIC = YES;
				GCC_WARN_SHADOW = YES;
				GCC_WARN_SIGN_COMPARE = YES;
				GCC_WARN_UNINITIALIZED_AUTOS = YES;
				GCC_WARN_UNUSED_VARIABLE = YES;
				HEADER_SEARCH_PATHS = include;
				MACOSX_DEPLOYMENT_TARGET = 10.7;
				SDKROOT = macosx;
				WARNING_CFLAGS = "-Wall";
			};
			name = Release;
		};
		274F975D152E1CCA00247C46 /* Debug */ = {
			isa = XCBuildConfiguration;
			buildSettings = {
				EXECUTABLE_PREFIX = lib;
				PRODUCT_NAME = "$(TARGET_NAME)";
			};
			name = Debug;
		};
		274F975E152E1CCA00247C46 /* Release */ = {
			isa = XCBuildConfiguration;
			buildSettings = {
				EXECUTABLE_PREFIX = lib;
				PRODUCT_NAME = "$(TARGET_NAME)";
			};
			name = Release;
		};
		274F97F5152E22E500247C46 /* Debug */ = {
			isa = XCBuildConfiguration;
			buildSettings = {
				GCC_C_LANGUAGE_STANDARD = gnu99;
				PRODUCT_NAME = "$(TARGET_NAME)";
			};
			name = Debug;
		};
		274F97F6152E22E500247C46 /* Release */ = {
			isa = XCBuildConfiguration;
			buildSettings = {
				GCC_C_LANGUAGE_STANDARD = gnu99;
				PRODUCT_NAME = "$(TARGET_NAME)";
			};
			name = Release;
		};
		274F9802152E235600247C46 /* Debug */ = {
			isa = XCBuildConfiguration;
			buildSettings = {
				GCC_C_LANGUAGE_STANDARD = gnu99;
				PRODUCT_NAME = dbinfo;
			};
			name = Debug;
		};
		274F9803152E235600247C46 /* Release */ = {
			isa = XCBuildConfiguration;
			buildSettings = {
				GCC_C_LANGUAGE_STANDARD = gnu99;
				PRODUCT_NAME = dbinfo;
			};
			name = Release;
		};
		2794AD0A153395780047643C /* Debug */ = {
			isa = XCBuildConfiguration;
			buildSettings = {
				GCC_C_LANGUAGE_STANDARD = gnu99;
				PRODUCT_NAME = testapp;
			};
			name = Debug;
		};
		2794AD0B153395780047643C /* Release */ = {
			isa = XCBuildConfiguration;
			buildSettings = {
				GCC_C_LANGUAGE_STANDARD = gnu99;
				PRODUCT_NAME = testapp;
			};
			name = Release;
		};
		27AA1B131538DE0700D03755 /* Debug */ = {
			isa = XCBuildConfiguration;
			buildSettings = {
				GCC_C_LANGUAGE_STANDARD = gnu99;
				PRODUCT_NAME = couchscript;
			};
			name = Debug;
		};
		27AA1B141538DE0700D03755 /* Release */ = {
			isa = XCBuildConfiguration;
			buildSettings = {
				GCC_C_LANGUAGE_STANDARD = gnu99;
				PRODUCT_NAME = couchscript;
			};
			name = Release;
		};
		27D37ECA1547292B00D3F0C8 /* Debug */ = {
			isa = XCBuildConfiguration;
			buildSettings = {
				GCC_C_LANGUAGE_STANDARD = gnu99;
				PRODUCT_NAME = couch_compact;
			};
			name = Debug;
		};
		27D37ECB1547292B00D3F0C8 /* Release */ = {
			isa = XCBuildConfiguration;
			buildSettings = {
				GCC_C_LANGUAGE_STANDARD = gnu99;
				ONLY_ACTIVE_ARCH = YES;
				PRODUCT_NAME = couch_compact;
			};
			name = Release;
		};
		27F0C72015339B34004EBA89 /* Debug */ = {
			isa = XCBuildConfiguration;
			buildSettings = {
				PRODUCT_NAME = "$(TARGET_NAME)";
			};
			name = Debug;
		};
		27F0C72115339B34004EBA89 /* Release */ = {
			isa = XCBuildConfiguration;
			buildSettings = {
				PRODUCT_NAME = "$(TARGET_NAME)";
			};
			name = Release;
		};
/* End XCBuildConfiguration section */

/* Begin XCConfigurationList section */
		274F9752152E1CCA00247C46 /* Build configuration list for PBXProject "couchstore" */ = {
			isa = XCConfigurationList;
			buildConfigurations = (
				274F975A152E1CCA00247C46 /* Debug */,
				274F975B152E1CCA00247C46 /* Release */,
			);
			defaultConfigurationIsVisible = 0;
			defaultConfigurationName = Release;
		};
		274F975C152E1CCA00247C46 /* Build configuration list for PBXNativeTarget "couchstore" */ = {
			isa = XCConfigurationList;
			buildConfigurations = (
				274F975D152E1CCA00247C46 /* Debug */,
				274F975E152E1CCA00247C46 /* Release */,
			);
			defaultConfigurationIsVisible = 0;
			defaultConfigurationName = Release;
		};
		274F97F4152E22E500247C46 /* Build configuration list for PBXNativeTarget "dbdump" */ = {
			isa = XCConfigurationList;
			buildConfigurations = (
				274F97F5152E22E500247C46 /* Debug */,
				274F97F6152E22E500247C46 /* Release */,
			);
			defaultConfigurationIsVisible = 0;
			defaultConfigurationName = Release;
		};
		274F9801152E235600247C46 /* Build configuration list for PBXNativeTarget "dbinfo" */ = {
			isa = XCConfigurationList;
			buildConfigurations = (
				274F9802152E235600247C46 /* Debug */,
				274F9803152E235600247C46 /* Release */,
			);
			defaultConfigurationIsVisible = 0;
			defaultConfigurationName = Release;
		};
		2794AD09153395780047643C /* Build configuration list for PBXNativeTarget "testapp" */ = {
			isa = XCConfigurationList;
			buildConfigurations = (
				2794AD0A153395780047643C /* Debug */,
				2794AD0B153395780047643C /* Release */,
			);
			defaultConfigurationIsVisible = 0;
			defaultConfigurationName = Release;
		};
		27AA1B121538DE0700D03755 /* Build configuration list for PBXNativeTarget "couchscript" */ = {
			isa = XCConfigurationList;
			buildConfigurations = (
				27AA1B131538DE0700D03755 /* Debug */,
				27AA1B141538DE0700D03755 /* Release */,
			);
			defaultConfigurationIsVisible = 0;
			defaultConfigurationName = Release;
		};
		27D37EC91547292B00D3F0C8 /* Build configuration list for PBXNativeTarget "couch_compact" */ = {
			isa = XCConfigurationList;
			buildConfigurations = (
				27D37ECA1547292B00D3F0C8 /* Debug */,
				27D37ECB1547292B00D3F0C8 /* Release */,
			);
			defaultConfigurationIsVisible = 0;
			defaultConfigurationName = Release;
		};
		27F0C71F15339B34004EBA89 /* Build configuration list for PBXAggregateTarget "All" */ = {
			isa = XCConfigurationList;
			buildConfigurations = (
				27F0C72015339B34004EBA89 /* Debug */,
				27F0C72115339B34004EBA89 /* Release */,
			);
			defaultConfigurationIsVisible = 0;
			defaultConfigurationName = Release;
		};
/* End XCConfigurationList section */
	};
	rootObject = 274F974F152E1CCA00247C46 /* Project object */;
}
